
Microsoft Visual Studio Solution File, Format Version 12.00
# Visual Studio Version 16
VisualStudioVersion = 16.0.29403.142
MinimumVisualStudioVersion = 10.0.40219.1
Project("{9A19103F-16F7-4668-BE54-9A1E7A4F7556}") = "Assignment1.Web", "Assignment1.Web.csproj", "{409C2774-4324-4245-8AA0-F3B322F40E28}"
EndProject
Project("{9A19103F-16F7-4668-BE54-9A1E7A4F7556}") = "Assignment1.Services", "..\Assignment1.BusinessLayer\Assignment1.Services.csproj", "{0CBEC583-3F7D-4E62-BE70-919D41289A82}"
EndProject
Project("{9A19103F-16F7-4668-BE54-9A1E7A4F7556}") = "Assignment1.Models", "..\Assignment1.Models\Assignment1.Models.csproj", "{8EE1E624-F681-42F9-BAF6-12104F761D11}"
EndProject
Global
	GlobalSection(SolutionConfigurationPlatforms) = preSolution
		Debug|Any CPU = Debug|Any CPU
		Release|Any CPU = Release|Any CPU
	EndGlobalSection
	GlobalSection(ProjectConfigurationPlatforms) = postSolution
		{409C2774-4324-4245-8AA0-F3B322F40E28}.Debug|Any CPU.ActiveCfg = Debug|Any CPU
		{409C2774-4324-4245-8AA0-F3B322F40E28}.Debug|Any CPU.Build.0 = Debug|Any CPU
		{409C2774-4324-4245-8AA0-F3B322F40E28}.Release|Any CPU.ActiveCfg = Release|Any CPU
		{409C2774-4324-4245-8AA0-F3B322F40E28}.Release|Any CPU.Build.0 = Release|Any CPU
		{0CBEC583-3F7D-4E62-BE70-919D41289A82}.Debug|Any CPU.ActiveCfg = Debug|Any CPU
		{0CBEC583-3F7D-4E62-BE70-919D41289A82}.Debug|Any CPU.Build.0 = Debug|Any CPU
		{0CBEC583-3F7D-4E62-BE70-919D41289A82}.Release|Any CPU.ActiveCfg = Release|Any CPU
		{0CBEC583-3F7D-4E62-BE70-919D41289A82}.Release|Any CPU.Build.0 = Release|Any CPU
		{8EE1E624-F681-42F9-BAF6-12104F761D11}.Debug|Any CPU.ActiveCfg = Debug|Any CPU
		{8EE1E624-F681-42F9-BAF6-12104F761D11}.Debug|Any CPU.Build.0 = Debug|Any CPU
		{8EE1E624-F681-42F9-BAF6-12104F761D11}.Release|Any CPU.ActiveCfg = Release|Any CPU
		{8EE1E624-F681-42F9-BAF6-12104F761D11}.Release|Any CPU.Build.0 = Release|Any CPU
	EndGlobalSection
	GlobalSection(SolutionProperties) = preSolution
		HideSolutionNode = FALSE
	EndGlobalSection
	GlobalSection(ExtensibilityGlobals) = postSolution
		SolutionGuid = {C45B4A02-EDAE-4634-B1D7-A463083CDFF3}
	EndGlobalSection
EndGlobal
